// !$*UTF8*$!
{
	archiveVersion = 1;
	classes = {
	};
	objectVersion = 77;
	objects = {

/* Begin PBXBuildFile section */
		C5550A152F8D878B00B56776 /* Alamofire in Frameworks */ = {isa = PBXBuildFile; productRef = C5550A142F8D878B00B56776 /* Alamofire */; };
		C5550A182F8D87A000B56776 /* Kingfisher in Frameworks */ = {isa = PBXBuildFile; productRef = C5550A172F8D87A000B56776 /* Kingfisher */; };
		C5550A1B2F8D87AE00B56776 /* SnapKit in Frameworks */ = {isa = PBXBuildFile; productRef = C5550A1A2F8D87AE00B56776 /* SnapKit */; };
/* End PBXBuildFile section */

/* Begin PBXContainerItemProxy section */
		C55509AD2F8D6B8700B56776 /* PBXContainerItemProxy */ = {
			isa = PBXContainerItemProxy;
			containerPortal = C555098E2F8D6B8600B56776 /* Project object */;
			proxyType = 1;
			remoteGlobalIDString = C55509952F8D6B8600B56776;
			remoteInfo = Project_3;
		};
		C55509B72F8D6B8700B56776 /* PBXContainerItemProxy */ = {
			isa = PBXContainerItemProxy;
			containerPortal = C555098E2F8D6B8600B56776 /* Project object */;
			proxyType = 1;
			remoteGlobalIDString = C55509952F8D6B8600B56776;
			remoteInfo = Project_3;
		};
/* End PBXContainerItemProxy section */

/* Begin PBXFileReference section */
		C55509962F8D6B8600B56776 /* Project_3.app */ = {isa = PBXFileReference; explicitFileType = wrapper.application; includeInIndex = 0; path = Project_3.app; sourceTree = BUILT_PRODUCTS_DIR; };
		C55509AC2F8D6B8700B56776 /* Project_3Tests.xctest */ = {isa = PBXFileReference; explicitFileType = wrapper.cfbundle; includeInIndex = 0; path = Project_3Tests.xctest; sourceTree = BUILT_PRODUCTS_DIR; };
		C55509B62F8D6B8700B56776 /* Project_3UITests.xctest */ = {isa = PBXFileReference; explicitFileType = wrapper.cfbundle; includeInIndex = 0; path = Project_3UITests.xctest; sourceTree = BUILT_PRODUCTS_DIR; };
/* End PBXFileReference section */

/* Begin PBXFileSystemSynchronizedBuildFileExceptionSet section */
		C55509BE2F8D6B8700B56776 /* Exceptions for "Project_3" folder in "Project_3" target */ = {
			isa = PBXFileSystemSynchronizedBuildFileExceptionSet;
			membershipExceptions = (
				Info.plist,
			);
			target = C55509952F8D6B8600B56776 /* Project_3 */;
		};
/* End PBXFileSystemSynchronizedBuildFileExceptionSet section */

/* Begin PBXFileSystemSynchronizedRootGroup section */
		C55509982F8D6B8600B56776 /* Project_3 */ = {
			isa = PBXFileSystemSynchronizedRootGroup;
			exceptions = (
				C55509BE2F8D6B8700B56776 /* Exceptions for "Project_3" folder in "Project_3" target */,
			);
			path = Project_3;
			sourceTree = "<group>";
		};
		C55509AF2F8D6B8700B56776 /* Project_3Tests */ = {
			isa = PBXFileSystemSynchronizedRootGroup;
			path = Project_3Tests;
			sourceTree = "<group>";
		};
		C55509B92F8D6B8700B56776 /* Project_3UITests */ = {
			isa = PBXFileSystemSynchronizedRootGroup;
			path = Project_3UITests;
			sourceTree = "<group>";
		};
/* End PBXFileSystemSynchronizedRootGroup section */

/* Begin PBXFrameworksBuildPhase section */
		C55509932F8D6B8600B56776 /* Frameworks */ = {
			isa = PBXFrameworksBuildPhase;
			buildActionMask = 2147483647;
			files = (
				C5550A1B2F8D87AE00B56776 /* SnapKit in Frameworks */,
				C5550A182F8D87A000B56776 /* Kingfisher in Frameworks */,
				C5550A152F8D878B00B56776 /* Alamofire in Frameworks */,
			);
			runOnlyForDeploymentPostprocessing = 0;
		};
		C55509A92F8D6B8700B56776 /* Frameworks */ = {
			isa = PBXFrameworksBuildPhase;
			buildActionMask = 2147483647;
			files = (
			);
			runOnlyForDeploymentPostprocessing = 0;
		};
		C55509B32F8D6B8700B56776 /* Frameworks */ = {
			isa = PBXFrameworksBuildPhase;
			buildActionMask = 2147483647;
			files = (
			);
			runOnlyForDeploymentPostprocessing = 0;
		};
/* End PBXFrameworksBuildPhase section */

/* Begin PBXGroup section */
		C555098D2F8D6B8600B56776 = {
			isa = PBXGroup;
			children = (
				C55509982F8D6B8600B56776 /* Project_3 */,
				C55509AF2F8D6B8700B56776 /* Project_3Tests */,
				C55509B92F8D6B8700B56776 /* Project_3UITests */,
				C55509972F8D6B8600B56776 /* Products */,
			);
			sourceTree = "<group>";
		};
		C55509972F8D6B8600B56776 /* Products */ = {
			isa = PBXGroup;
			children = (
				C55509962F8D6B8600B56776 /* Project_3.app */,
				C55509AC2F8D6B8700B56776 /* Project_3Tests.xctest */,
				C55509B62F8D6B8700B56776 /* Project_3UITests.xctest */,
			);
			name = Products;
			sourceTree = "<group>";
		};
/* End PBXGroup section */

/* Begin PBXNativeTarget section */
		C55509952F8D6B8600B56776 /* Project_3 */ = {
			isa = PBXNativeTarget;
			buildConfigurationList = C55509BF2F8D6B8700B56776 /* Build configuration list for PBXNativeTarget "Project_3" */;
			buildPhases = (
				C55509922F8D6B8600B56776 /* Sources */,
				C55509932F8D6B8600B56776 /* Frameworks */,
				C55509942F8D6B8600B56776 /* Resources */,
			);
			buildRules = (
			);
			dependencies = (
			);
			fileSystemSynchronizedGroups = (
				C55509982F8D6B8600B56776 /* Project_3 */,
			);
			name = Project_3;
			packageProductDependencies = (
				C5550A142F8D878B00B56776 /* Alamofire */,
				C5550A172F8D87A000B56776 /* Kingfisher */,
				C5550A1A2F8D87AE00B56776 /* SnapKit */,
			);
			productName = Project_3;
			productReference = C55509962F8D6B8600B56776 /* Project_3.app */;
			productType = "com.apple.product-type.application";
		};
		C55509AB2F8D6B8700B56776 /* Project_3Tests */ = {
			isa = PBXNativeTarget;
			buildConfigurationList = C55509C42F8D6B8700B56776 /* Build configuration list for PBXNativeTarget "Project_3Tests" */;
			buildPhases = (
				C55509A82F8D6B8700B56776 /* Sources */,
				C55509A92F8D6B8700B56776 /* Frameworks */,
				C55509AA2F8D6B8700B56776 /* Resources */,
			);
			buildRules = (
			);
			dependencies = (
				C55509AE2F8D6B8700B56776 /* PBXTargetDependency */,
			);
			fileSystemSynchronizedGroups = (
				C55509AF2F8D6B8700B56776 /* Project_3Tests */,
			);
			name = Project_3Tests;
			packageProductDependencies = (
			);
			productName = Project_3Tests;
			productReference = C55509AC2F8D6B8700B56776 /* Project_3Tests.xctest */;
			productType = "com.apple.product-type.bundle.unit-test";
		};
		C55509B52F8D6B8700B56776 /* Project_3UITests */ = {
			isa = PBXNativeTarget;
			buildConfigurationList = C55509C72F8D6B8700B56776 /* Build configuration list for PBXNativeTarget "Project_3UITests" */;
			buildPhases = (
				C55509B22F8D6B8700B56776 /* Sources */,
				C55509B32F8D6B8700B56776 /* Frameworks */,
				C55509B42F8D6B8700B56776 /* Resources */,
			);
			buildRules = (
			);
			dependencies = (
				C55509B82F8D6B8700B56776 /* PBXTargetDependency */,
			);
			fileSystemSynchronizedGroups = (
				C55509B92F8D6B8700B56776 /* Project_3UITests */,
			);
			name = Project_3UITests;
			packageProductDependencies = (
			);
			productName = Project_3UITests;
			productReference = C55509B62F8D6B8700B56776 /* Project_3UITests.xctest */;
			productType = "com.apple.product-type.bundle.ui-testing";
		};
/* End PBXNativeTarget section */

/* Begin PBXProject section */
		C555098E2F8D6B8600B56776 /* Project object */ = {
			isa = PBXProject;
			attributes = {
				BuildIndependentTargetsInParallel = 1;
				LastSwiftUpdateCheck = 1630;
				LastUpgradeCheck = 1630;
				TargetAttributes = {
					C55509952F8D6B8600B56776 = {
						CreatedOnToolsVersion = 16.3;
					};
					C55509AB2F8D6B8700B56776 = {
						CreatedOnToolsVersion = 16.3;
						TestTargetID = C55509952F8D6B8600B56776;
					};
					C55509B52F8D6B8700B56776 = {
						CreatedOnToolsVersion = 16.3;
						TestTargetID = C55509952F8D6B8600B56776;
					};
				};
			};
			buildConfigurationList = C55509912F8D6B8600B56776 /* Build configuration list for PBXProject "Project_3" */;
			developmentRegion = en;
			hasScannedForEncodings = 0;
			knownRegions = (
				en,
				Base,
			);
			mainGroup = C555098D2F8D6B8600B56776;
			minimizedProjectReferenceProxies = 1;
			packageReferences = (
				C5550A132F8D878B00B56776 /* XCRemoteSwiftPackageReference "Alamofire" */,
				C5550A162F8D87A000B56776 /* XCRemoteSwiftPackageReference "Kingfisher" */,
				C5550A192F8D87AE00B56776 /* XCRemoteSwiftPackageReference "SnapKit" */,
			);
			preferredProjectObjectVersion = 77;
			productRefGroup = C55509972F8D6B8600B56776 /* Products */;
			projectDirPath = "";
			projectRoot = "";
			targets = (
				C55509952F8D6B8600B56776 /* Project_3 */,
				C55509AB2F8D6B8700B56776 /* Project_3Tests */,
				C55509B52F8D6B8700B56776 /* Project_3UITests */,
			);
		};
/* End PBXProject section */

/* Begin PBXResourcesBuildPhase section */
		C55509942F8D6B8600B56776 /* Resources */ = {
			isa = PBXResourcesBuildPhase;
			buildActionMask = 2147483647;
			files = (
			);
			runOnlyForDeploymentPostprocessing = 0;
		};
		C55509AA2F8D6B8700B56776 /* Resources */ = {
			isa = PBXResourcesBuildPhase;
			buildActionMask = 2147483647;
			files = (
			);
			runOnlyForDeploymentPostprocessing = 0;
		};
		C55509B42F8D6B8700B56776 /* Resources */ = {
			isa = PBXResourcesBuildPhase;
			buildActionMask = 2147483647;
			files = (
			);
			runOnlyForDeploymentPostprocessing = 0;
		};
/* End PBXResourcesBuildPhase section */

/* Begin PBXSourcesBuildPhase section */
		C55509922F8D6B8600B56776 /* Sources */ = {
			isa = PBXSourcesBuildPhase;
			buildActionMask = 2147483647;
			files = (
			);
			runOnlyForDeploymentPostprocessing = 0;
		};
		C55509A82F8D6B8700B56776 /* Sources */ = {
			isa = PBXSourcesBuildPhase;
			buildActionMask = 2147483647;
			files = (
			);
			runOnlyForDeploymentPostprocessing = 0;
		};
		C55509B22F8D6B8700B56776 /* Sources */ = {
			isa = PBXSourcesBuildPhase;
			buildActionMask = 2147483647;
			files = (
			);
			runOnlyForDeploymentPostprocessing = 0;
		};
/* End PBXSourcesBuildPhase section */

/* Begin PBXTargetDependency section */
		C55509AE2F8D6B8700B56776 /* PBXTargetDependency */ = {
			isa = PBXTargetDependency;
			target = C55509952F8D6B8600B56776 /* Project_3 */;
			targetProxy = C55509AD2F8D6B8700B56776 /* PBXContainerItemProxy */;
		};
		C55509B82F8D6B8700B56776 /* PBXTargetDependency */ = {
			isa = PBXTargetDependency;
			target = C55509952F8D6B8600B56776 /* Project_3 */;
			targetProxy = C55509B72F8D6B8700B56776 /* PBXContainerItemProxy */;
		};
/* End PBXTargetDependency section */

/* Begin XCBuildConfiguration section */
		C55509C02F8D6B8700B56776 /* Debug */ = {
			isa = XCBuildConfiguration;
			buildSettings = {
				ASSETCATALOG_COMPILER_APPICON_NAME = AppIcon;
				ASSETCATALOG_COMPILER_GLOBAL_ACCENT_COLOR_NAME = AccentColor;
				CODE_SIGN_STYLE = Automatic;
				CURRENT_PROJECT_VERSION = 1;
				GENERATE_INFOPLIST_FILE = YES;
				INFOPLIST_FILE = Project_3/Info.plist;
				INFOPLIST_KEY_UIApplicationSupportsIndirectInputEvents = YES;
				INFOPLIST_KEY_UILaunchStoryboardName = LaunchScreen;
				INFOPLIST_KEY_UIMainStoryboardFile = Main;
				INFOPLIST_KEY_UISupportedInterfaceOrientations_iPad = "UIInterfaceOrientationPortrait UIInterfaceOrientationPortraitUpsideDown UIInterfaceOrientationLandscapeLeft UIInterfaceOrientationLandscapeRight";
				INFOPLIST_KEY_UISupportedInterfaceOrientations_iPhone = "UIInterfaceOrientationPortrait UIInterfaceOrientationLandscapeLeft UIInterfaceOrientationLandscapeRight";
				LD_RUNPATH_SEARCH_PATHS = (
					"$(inherited)",
					"@executable_path/Frameworks",
				);
				MARKETING_VERSION = 1.0;
				PRODUCT_BUNDLE_IDENTIFIER = "griffin.smith.Project-3";
				PRODUCT_NAME = "$(TARGET_NAME)";
				SWIFT_EMIT_LOC_STRINGS = YES;
				SWIFT_VERSION = 5.0;
				TARGETED_DEVICE_FAMILY = "1,2";
			};
			name = Debug;
		};
		C55509C12F8D6B8700B56776 /* Release */ = {
			isa = XCBuildConfiguration;
			buildSettings = {
				ASSETCATALOG_COMPILER_APPICON_NAME = AppIcon;
				ASSETCATALOG_COMPILER_GLOBAL_ACCENT_COLOR_NAME = AccentColor;
				CODE_SIGN_STYLE = Automatic;
				CURRENT_PROJECT_VERSION = 1;
				GENERATE_INFOPLIST_FILE = YES;
				INFOPLIST_FILE = Project_3/Info.plist;
				INFOPLIST_KEY_UIApplicationSupportsIndirectInputEvents = YES;
				INFOPLIST_KEY_UILaunchStoryboardName = LaunchScreen;
				INFOPLIST_KEY_UIMainStoryboardFile = Main;
				INFOPLIST_KEY_UISupportedInterfaceOrientations_iPad = "UIInterfaceOrientationPortrait UIInterfaceOrientationPortraitUpsideDown UIInterfaceOrientationLandscapeLeft UIInterfaceOrientationLandscapeRight";
				INFOPLIST_KEY_UISupportedInterfaceOrientations_iPhone = "UIInterfaceOrientationPortrait UIInterfaceOrientationLandscapeLeft UIInterfaceOrientationLandscapeRight";
				LD_RUNPATH_SEARCH_PATHS = (
					"$(inherited)",
					"@executable_path/Frameworks",
				);
				MARKETING_VERSION = 1.0;
				PRODUCT_BUNDLE_IDENTIFIER = "griffin.smith.Project-3";
				PRODUCT_NAME = "$(TARGET_NAME)";
				SWIFT_EMIT_LOC_STRINGS = YES;
				SWIFT_VERSION = 5.0;
				TARGETED_DEVICE_FAMILY = "1,2";
			};
			name = Release;
		};
		C55509C22F8D6B8700B56776 /* Debug */ = {
			isa = XCBuildConfiguration;
			buildSettings = {
				ALWAYS_SEARCH_USER_PATHS = NO;
				ASSETCATALOG_COMPILER_GENERATE_SWIFT_ASSET_SYMBOL_EXTENSIONS = YES;
				CLANG_ANALYZER_NONNULL = YES;
				CLANG_ANALYZER_NUMBER_OBJECT_CONVERSION = YES_AGGRESSIVE;
				CLANG_CXX_LANGUAGE_STANDARD = "gnu++20";
				CLANG_ENABLE_MODULES = YES;
				CLANG_ENABLE_OBJC_ARC = YES;
				CLANG_ENABLE_OBJC_WEAK = YES;
				CLANG_WARN_BLOCK_CAPTURE_AUTORELEASING = YES;
				CLANG_WARN_BOOL_CONVERSION = YES;
				CLANG_WARN_COMMA = YES;
				CLANG_WARN_CONSTANT_CONVERSION = YES;
				CLANG_WARN_DEPRECATED_OBJC_IMPLEMENTATIONS = YES;
				CLANG_WARN_DIRECT_OBJC_ISA_USAGE = YES_ERROR;
				CLANG_WARN_DOCUMENTATION_COMMENTS = YES;
				CLANG_WARN_EMPTY_BODY = YES;
				CLANG_WARN_ENUM_CONVERSION = YES;
				CLANG_WARN_INFINITE_RECURSION = YES;
				CLANG_WARN_INT_CONVERSION = YES;
				CLANG_WARN_NON_LITERAL_NULL_CONVERSION = YES;
				CLANG_WARN_OBJC_IMPLICIT_RETAIN_SELF = YES;
				CLANG_WARN_OBJC_LITERAL_CONVERSION = YES;
				CLANG_WARN_OBJC_ROOT_CLASS = YES_ERROR;
				CLANG_WARN_QUOTED_INCLUDE_IN_FRAMEWORK_HEADER = YES;
				CLANG_WARN_RANGE_LOOP_ANALYSIS = YES;
				CLANG_WARN_STRICT_PROTOTYPES = YES;
				CLANG_WARN_SUSPICIOUS_MOVE = YES;
				CLANG_WARN_UNGUARDED_AVAILABILITY = YES_AGGRESSIVE;
				CLANG_WARN_UNREACHABLE_CODE = YES;
				CLANG_WARN__DUPLICATE_METHOD_MATCH = YES;
				COPY_PHASE_STRIP = NO;
				DEBUG_INFORMATION_FORMAT = dwarf;
				ENABLE_STRICT_OBJC_MSGSEND = YES;
				ENABLE_TESTABILITY = YES;
				ENABLE_USER_SCRIPT_SANDBOXING = YES;
				GCC_C_LANGUAGE_STANDARD = gnu17;
				GCC_DYNAMIC_NO_PIC = NO;
				GCC_NO_COMMON_BLOCKS = YES;
				GCC_OPTIMIZATION_LEVEL = 0;
				GCC_PREPROCESSOR_DEFINITIONS = (
					"DEBUG=1",
					"$(inherited)",
				);
				GCC_WARN_64_TO_32_BIT_CONVERSION = YES;
				GCC_WARN_ABOUT_RETURN_TYPE = YES_ERROR;
				GCC_WARN_UNDECLARED_SELECTOR = YES;
				GCC_WARN_UNINITIALIZED_AUTOS = YES_AGGRESSIVE;
				GCC_WARN_UNUSED_FUNCTION = YES;
				GCC_WARN_UNUSED_VARIABLE = YES;
				IPHONEOS_DEPLOYMENT_TARGET = 18.4;
				LOCALIZATION_PREFERS_STRING_CATALOGS = YES;
				MTL_ENABLE_DEBUG_INFO = INCLUDE_SOURCE;
				MTL_FAST_MATH = YES;
				ONLY_ACTIVE_ARCH = YES;
				SDKROOT = iphoneos;
				SWIFT_ACTIVE_COMPILATION_CONDITIONS = "DEBUG $(inherited)";
				SWIFT_OPTIMIZATION_LEVEL = "-Onone";
			};
			name = Debug;
		};
		C55509C32F8D6B8700B56776 /* Release */ = {
			isa = XCBuildConfiguration;
			buildSettings = {
				ALWAYS_SEARCH_USER_PATHS = NO;
				ASSETCATALOG_COMPILER_GENERATE_SWIFT_ASSET_SYMBOL_EXTENSIONS = YES;
				CLANG_ANALYZER_NONNULL = YES;
				CLANG_ANALYZER_NUMBER_OBJECT_CONVERSION = YES_AGGRESSIVE;
				CLANG_CXX_LANGUAGE_STANDARD = "gnu++20";
				CLANG_ENABLE_MODULES = YES;
				CLANG_ENABLE_OBJC_ARC = YES;
				CLANG_ENABLE_OBJC_WEAK = YES;
				CLANG_WARN_BLOCK_CAPTURE_AUTORELEASING = YES;
				CLANG_WARN_BOOL_CONVERSION = YES;
				CLANG_WARN_COMMA = YES;
				CLANG_WARN_CONSTANT_CONVERSION = YES;
				CLANG_WARN_DEPRECATED_OBJC_IMPLEMENTATIONS = YES;
				CLANG_WARN_DIRECT_OBJC_ISA_USAGE = YES_ERROR;
				CLANG_WARN_DOCUMENTATION_COMMENTS = YES;
				CLANG_WARN_EMPTY_BODY = YES;
				CLANG_WARN_ENUM_CONVERSION = YES;
				CLANG_WARN_INFINITE_RECURSION = YES;
				CLANG_WARN_INT_CONVERSION = YES;
				CLANG_WARN_NON_LITERAL_NULL_CONVERSION = YES;
				CLANG_WARN_OBJC_IMPLICIT_RETAIN_SELF = YES;
				CLANG_WARN_OBJC_LITERAL_CONVERSION = YES;
				CLANG_WARN_OBJC_ROOT_CLASS = YES_ERROR;
				CLANG_WARN_QUOTED_INCLUDE_IN_FRAMEWORK_HEADER = YES;
				CLANG_WARN_RANGE_LOOP_ANALYSIS = YES;
				CLANG_WARN_STRICT_PROTOTYPES = YES;
				CLANG_WARN_SUSPICIOUS_MOVE = YES;
				CLANG_WARN_UNGUARDED_AVAILABILITY = YES_AGGRESSIVE;
				CLANG_WARN_UNREACHABLE_CODE = YES;
				CLANG_WARN__DUPLICATE_METHOD_MATCH = YES;
				COPY_PHASE_STRIP = NO;
				DEBUG_INFORMATION_FORMAT = "dwarf-with-dsym";
				ENABLE_NS_ASSERTIONS = NO;
				ENABLE_STRICT_OBJC_MSGSEND = YES;
				ENABLE_USER_SCRIPT_SANDBOXING = YES;
				GCC_C_LANGUAGE_STANDARD = gnu17;
				GCC_NO_COMMON_BLOCKS = YES;
				GCC_WARN_64_TO_32_BIT_CONVERSION = YES;
				GCC_WARN_ABOUT_RETURN_TYPE = YES_ERROR;
				GCC_WARN_UNDECLARED_SELECTOR = YES;
				GCC_WARN_UNINITIALIZED_AUTOS = YES_AGGRESSIVE;
				GCC_WARN_UNUSED_FUNCTION = YES;
				GCC_WARN_UNUSED_VARIABLE = YES;
				IPHONEOS_DEPLOYMENT_TARGET = 18.4;
				LOCALIZATION_PREFERS_STRING_CATALOGS = YES;
				MTL_ENABLE_DEBUG_INFO = NO;
				MTL_FAST_MATH = YES;
				SDKROOT = iphoneos;
				SWIFT_COMPILATION_MODE = wholemodule;
				VALIDATE_PRODUCT = YES;
			};
			name = Release;
		};
		C55509C52F8D6B8700B56776 /* Debug */ = {
			isa = XCBuildConfiguration;
			buildSettings = {
				BUNDLE_LOADER = "$(TEST_HOST)";
				CODE_SIGN_STYLE = Automatic;
				CURRENT_PROJECT_VERSION = 1;
				GENERATE_INFOPLIST_FILE = YES;
				IPHONEOS_DEPLOYMENT_TARGET = 18.4;
				MARKETING_VERSION = 1.0;
				PRODUCT_BUNDLE_IDENTIFIER = "griffin.smith.Project-3Tests";
				PRODUCT_NAME = "$(TARGET_NAME)";
				SWIFT_EMIT_LOC_STRINGS = NO;
				SWIFT_VERSION = 5.0;
				TARGETED_DEVICE_FAMILY = "1,2";
				TEST_HOST = "$(BUILT_PRODUCTS_DIR)/Project_3.app/$(BUNDLE_EXECUTABLE_FOLDER_PATH)/Project_3";
			};
			name = Debug;
		};
		C55509C62F8D6B8700B56776 /* Release */ = {
			isa = XCBuildConfiguration;
			buildSettings = {
				BUNDLE_LOADER = "$(TEST_HOST)";
				CODE_SIGN_STYLE = Automatic;
				CURRENT_PROJECT_VERSION = 1;
				GENERATE_INFOPLIST_FILE = YES;
				IPHONEOS_DEPLOYMENT_TARGET = 18.4;
				MARKETING_VERSION = 1.0;
				PRODUCT_BUNDLE_IDENTIFIER = "griffin.smith.Project-3Tests";
				PRODUCT_NAME = "$(TARGET_NAME)";
				SWIFT_EMIT_LOC_STRINGS = NO;
				SWIFT_VERSION = 5.0;
				TARGETED_DEVICE_FAMILY = "1,2";
				TEST_HOST = "$(BUILT_PRODUCTS_DIR)/Project_3.app/$(BUNDLE_EXECUTABLE_FOLDER_PATH)/Project_3";
			};
			name = Release;
		};
		C55509C82F8D6B8700B56776 /* Debug */ = {
			isa = XCBuildConfiguration;
			buildSettings = {
				CODE_SIGN_STYLE = Automatic;
				CURRENT_PROJECT_VERSION = 1;
				GENERATE_INFOPLIST_FILE = YES;
				MARKETING_VERSION = 1.0;
				PRODUCT_BUNDLE_IDENTIFIER = "griffin.smith.Project-3UITests";
				PRODUCT_NAME = "$(TARGET_NAME)";
				SWIFT_EMIT_LOC_STRINGS = NO;
				SWIFT_VERSION = 5.0;
				TARGETED_DEVICE_FAMILY = "1,2";
				TEST_TARGET_NAME = Project_3;
			};
			name = Debug;
		};
		C55509C92F8D6B8700B56776 /* Release */ = {
			isa = XCBuildConfiguration;
			buildSettings = {
				CODE_SIGN_STYLE = Automatic;
				CURRENT_PROJECT_VERSION = 1;
				GENERATE_INFOPLIST_FILE = YES;
				MARKETING_VERSION = 1.0;
				PRODUCT_BUNDLE_IDENTIFIER = "griffin.smith.Project-3UITests";
				PRODUCT_NAME = "$(TARGET_NAME)";
				SWIFT_EMIT_LOC_STRINGS = NO;
				SWIFT_VERSION = 5.0;
				TARGETED_DEVICE_FAMILY = "1,2";
				TEST_TARGET_NAME = Project_3;
			};
			name = Release;
		};
/* End XCBuildConfiguration section */

/* Begin XCConfigurationList section */
		C55509912F8D6B8600B56776 /* Build configuration list for PBXProject "Project_3" */ = {
			isa = XCConfigurationList;
			buildConfigurations = (
				C55509C22F8D6B8700B56776 /* Debug */,
				C55509C32F8D6B8700B56776 /* Release */,
			);
			defaultConfigurationIsVisible = 0;
			defaultConfigurationName = Release;
		};
		C55509BF2F8D6B8700B56776 /* Build configuration list for PBXNativeTarget "Project_3" */ = {
			isa = XCConfigurationList;
			buildConfigurations = (
				C55509C02F8D6B8700B56776 /* Debug */,
				C55509C12F8D6B8700B56776 /* Release */,
			);
			defaultConfigurationIsVisible = 0;
			defaultConfigurationName = Release;
		};
		C55509C42F8D6B8700B56776 /* Build configuration list for PBXNativeTarget "Project_3Tests" */ = {
			isa = XCConfigurationList;
			buildConfigurations = (
				C55509C52F8D6B8700B56776 /* Debug */,
				C55509C62F8D6B8700B56776 /* Release */,
			);
			defaultConfigurationIsVisible = 0;
			defaultConfigurationName = Release;
		};
		C55509C72F8D6B8700B56776 /* Build configuration list for PBXNativeTarget "Project_3UITests" */ = {
			isa = XCConfigurationList;
			buildConfigurations = (
				C55509C82F8D6B8700B56776 /* Debug */,
				C55509C92F8D6B8700B56776 /* Release */,
			);
			defaultConfigurationIsVisible = 0;
			defaultConfigurationName = Release;
		};
/* End XCConfigurationList section */

/* Begin XCRemoteSwiftPackageReference section */
		C5550A132F8D878B00B56776 /* XCRemoteSwiftPackageReference "Alamofire" */ = {
			isa = XCRemoteSwiftPackageReference;
			repositoryURL = "https://github.com/Alamofire/Alamofire.git";
			requirement = {
				kind = upToNextMajorVersion;
				minimumVersion = 5.11.2;
			};
		};
		C5550A162F8D87A000B56776 /* XCRemoteSwiftPackageReference "Kingfisher" */ = {
			isa = XCRemoteSwiftPackageReference;
			repositoryURL = "https://github.com/onevcat/Kingfisher.git";
			requirement = {
				kind = upToNextMajorVersion;
				minimumVersion = 8.8.1;
			};
		};
		C5550A192F8D87AE00B56776 /* XCRemoteSwiftPackageReference "SnapKit" */ = {
			isa = XCRemoteSwiftPackageReference;
			repositoryURL = "https://github.com/SnapKit/SnapKit.git";
			requirement = {
				kind = upToNextMajorVersion;
				minimumVersion = 5.7.1;
			};
		};
/* End XCRemoteSwiftPackageReference section */

/* Begin XCSwiftPackageProductDependency section */
		C5550A142F8D878B00B56776 /* Alamofire */ = {
			isa = XCSwiftPackageProductDependency;
			package = C5550A132F8D878B00B56776 /* XCRemoteSwiftPackageReference "Alamofire" */;
			productName = Alamofire;
		};
		C5550A172F8D87A000B56776 /* Kingfisher */ = {
			isa = XCSwiftPackageProductDependency;
			package = C5550A162F8D87A000B56776 /* XCRemoteSwiftPackageReference "Kingfisher" */;
			productName = Kingfisher;
		};
		C5550A1A2F8D87AE00B56776 /* SnapKit */ = {
			isa = XCSwiftPackageProductDependency;
			package = C5550A192F8D87AE00B56776 /* XCRemoteSwiftPackageReference "SnapKit" */;
			productName = SnapKit;
		};
/* End XCSwiftPackageProductDependency section */
	};
	rootObject = C555098E2F8D6B8600B56776 /* Project object */;
}
